PODS:
  - SROTPView (2.0.1)

DEPENDENCIES:
  - SROTPView (from `/Users/sarojraut/SROTPView`)

EXTERNAL SOURCES:
  SROTPView:
    :path: "/Users/sarojraut/SROTPView"

SPEC CHECKSUMS:
  SROTPView: 6d268fa97c980b06019ac183e4a23a1c89fddfab

PODFILE CHECKSUM: b0775a3f2ae2f6908c3290dd25e4635ab18ad0f0

COCOAPODS: 1.7.5
