PODS:
  - SROTPView (2.1.7)

DEPENDENCIES:
  - SROTPView (from `/Users/sarojraut/SROTPView`)

EXTERNAL SOURCES:
  SROTPView:
    :path: "/Users/sarojraut/SROTPView"

SPEC CHECKSUMS:
  SROTPView: aa49690816b4e9e172d878c5c76027f44d177784

PODFILE CHECKSUM: 8ee835ef57b1b39d47e153fe930912e56fe8f177

COCOAPODS: 1.16.2
