// !$*UTF8*$!
{
	archiveVersion = 1;
	classes = {
	};
	objectVersion = 51;
	objects = {

/* Begin PBXBuildFile section */
		37194FC7E2DAA71EA827C82B /* Pods_ExampleTests.framework in Frameworks */ = {isa = PBXBuildFile; fileRef = 56E719692D537DBA33A36094 /* Pods_ExampleTests.framework */; };
		501274AF2473078E001E36A4 /* Info.plist in Resources */ = {isa = PBXBuildFile; fileRef = 501274AE2473078E001E36A4 /* Info.plist */; };
		5425290391360624723006C4 /* Pods_Example.framework in Frameworks */ = {isa = PBXBuildFile; fileRef = 5A6023BA3AAF9711D6437BAE /* Pods_Example.framework */; };
		58B9B22F8E1D747726B92006 /* Pods_ExampleUITests.framework in Frameworks */ = {isa = PBXBuildFile; fileRef = 0C818A6DDBA707BD35E19409 /* Pods_ExampleUITests.framework */; };
		840424C72387B28900D1333E /* AppDelegate.swift in Sources */ = {isa = PBXBuildFile; fileRef = 840424C62387B28900D1333E /* AppDelegate.swift */; };
		840424CB2387B28900D1333E /* ViewController.swift in Sources */ = {isa = PBXBuildFile; fileRef = 840424CA2387B28900D1333E /* ViewController.swift */; };
		840424CE2387B28900D1333E /* Main.storyboard in Resources */ = {isa = PBXBuildFile; fileRef = 840424CC2387B28900D1333E /* Main.storyboard */; };
		840424D02387B28D00D1333E /* Assets.xcassets in Resources */ = {isa = PBXBuildFile; fileRef = 840424CF2387B28D00D1333E /* Assets.xcassets */; };
		840424D32387B28D00D1333E /* LaunchScreen.storyboard in Resources */ = {isa = PBXBuildFile; fileRef = 840424D12387B28D00D1333E /* LaunchScreen.storyboard */; };
		840424DE2387B28D00D1333E /* ExampleTests.swift in Sources */ = {isa = PBXBuildFile; fileRef = 840424DD2387B28D00D1333E /* ExampleTests.swift */; };
		840424E92387B28D00D1333E /* ExampleUITests.swift in Sources */ = {isa = PBXBuildFile; fileRef = 840424E82387B28D00D1333E /* ExampleUITests.swift */; };
/* End PBXBuildFile section */

/* Begin PBXContainerItemProxy section */
		840424DA2387B28D00D1333E /* PBXContainerItemProxy */ = {
			isa = PBXContainerItemProxy;
			containerPortal = 840424BB2387B28900D1333E /* Project object */;
			proxyType = 1;
			remoteGlobalIDString = 840424C22387B28900D1333E;
			remoteInfo = Example;
		};
		840424E52387B28D00D1333E /* PBXContainerItemProxy */ = {
			isa = PBXContainerItemProxy;
			containerPortal = 840424BB2387B28900D1333E /* Project object */;
			proxyType = 1;
			remoteGlobalIDString = 840424C22387B28900D1333E;
			remoteInfo = Example;
		};
/* End PBXContainerItemProxy section */

/* Begin PBXFileReference section */
		0C818A6DDBA707BD35E19409 /* Pods_ExampleUITests.framework */ = {isa = PBXFileReference; explicitFileType = wrapper.framework; includeInIndex = 0; path = Pods_ExampleUITests.framework; sourceTree = BUILT_PRODUCTS_DIR; };
		11A872B38A822B5AFD25CA7A /* Pods-Example.debug.xcconfig */ = {isa = PBXFileReference; includeInIndex = 1; lastKnownFileType = text.xcconfig; name = "Pods-Example.debug.xcconfig"; path = "Target Support Files/Pods-Example/Pods-Example.debug.xcconfig"; sourceTree = "<group>"; };
		262208E7FA1F862335E1F53F /* Pods-ExampleUITests.debug.xcconfig */ = {isa = PBXFileReference; includeInIndex = 1; lastKnownFileType = text.xcconfig; name = "Pods-ExampleUITests.debug.xcconfig"; path = "Target Support Files/Pods-ExampleUITests/Pods-ExampleUITests.debug.xcconfig"; sourceTree = "<group>"; };
		278A05586C24B708BA035D37 /* Pods-ExampleTests.debug.xcconfig */ = {isa = PBXFileReference; includeInIndex = 1; lastKnownFileType = text.xcconfig; name = "Pods-ExampleTests.debug.xcconfig"; path = "Target Support Files/Pods-ExampleTests/Pods-ExampleTests.debug.xcconfig"; sourceTree = "<group>"; };
		501274AE2473078E001E36A4 /* Info.plist */ = {isa = PBXFileReference; lastKnownFileType = text.plist; path = Info.plist; sourceTree = SOURCE_ROOT; };
		56E719692D537DBA33A36094 /* Pods_ExampleTests.framework */ = {isa = PBXFileReference; explicitFileType = wrapper.framework; includeInIndex = 0; path = Pods_ExampleTests.framework; sourceTree = BUILT_PRODUCTS_DIR; };
		5A6023BA3AAF9711D6437BAE /* Pods_Example.framework */ = {isa = PBXFileReference; explicitFileType = wrapper.framework; includeInIndex = 0; path = Pods_Example.framework; sourceTree = BUILT_PRODUCTS_DIR; };
		840424C32387B28900D1333E /* Example.app */ = {isa = PBXFileReference; explicitFileType = wrapper.application; includeInIndex = 0; path = Example.app; sourceTree = BUILT_PRODUCTS_DIR; };
		840424C62387B28900D1333E /* AppDelegate.swift */ = {isa = PBXFileReference; lastKnownFileType = sourcecode.swift; path = AppDelegate.swift; sourceTree = "<group>"; };
		840424CA2387B28900D1333E /* ViewController.swift */ = {isa = PBXFileReference; lastKnownFileType = sourcecode.swift; path = ViewController.swift; sourceTree = "<group>"; };
		840424CD2387B28900D1333E /* Base */ = {isa = PBXFileReference; lastKnownFileType = file.storyboard; name = Base; path = Base.lproj/Main.storyboard; sourceTree = "<group>"; };
		840424CF2387B28D00D1333E /* Assets.xcassets */ = {isa = PBXFileReference; lastKnownFileType = folder.assetcatalog; path = Assets.xcassets; sourceTree = "<group>"; };
		840424D22387B28D00D1333E /* Base */ = {isa = PBXFileReference; lastKnownFileType = file.storyboard; name = Base; path = Base.lproj/LaunchScreen.storyboard; sourceTree = "<group>"; };
		840424D92387B28D00D1333E /* ExampleTests.xctest */ = {isa = PBXFileReference; explicitFileType = wrapper.cfbundle; includeInIndex = 0; path = ExampleTests.xctest; sourceTree = BUILT_PRODUCTS_DIR; };
		840424DD2387B28D00D1333E /* ExampleTests.swift */ = {isa = PBXFileReference; lastKnownFileType = sourcecode.swift; path = ExampleTests.swift; sourceTree = "<group>"; };
		840424DF2387B28D00D1333E /* Info.plist */ = {isa = PBXFileReference; lastKnownFileType = text.plist.xml; path = Info.plist; sourceTree = "<group>"; };
		840424E42387B28D00D1333E /* ExampleUITests.xctest */ = {isa = PBXFileReference; explicitFileType = wrapper.cfbundle; includeInIndex = 0; path = ExampleUITests.xctest; sourceTree = BUILT_PRODUCTS_DIR; };
		840424E82387B28D00D1333E /* ExampleUITests.swift */ = {isa = PBXFileReference; lastKnownFileType = sourcecode.swift; path = ExampleUITests.swift; sourceTree = "<group>"; };
		840424EA2387B28D00D1333E /* Info.plist */ = {isa = PBXFileReference; lastKnownFileType = text.plist.xml; path = Info.plist; sourceTree = "<group>"; };
		88B91881546190F760E34E06 /* Pods-Example.release.xcconfig */ = {isa = PBXFileReference; includeInIndex = 1; lastKnownFileType = text.xcconfig; name = "Pods-Example.release.xcconfig"; path = "Target Support Files/Pods-Example/Pods-Example.release.xcconfig"; sourceTree = "<group>"; };
		D3CD65A28EEE97499A25C793 /* Pods-ExampleTests.release.xcconfig */ = {isa = PBXFileReference; includeInIndex = 1; lastKnownFileType = text.xcconfig; name = "Pods-ExampleTests.release.xcconfig"; path = "Target Support Files/Pods-ExampleTests/Pods-ExampleTests.release.xcconfig"; sourceTree = "<group>"; };
		EDFC66DCF6321D226C5FB649 /* Pods-ExampleUITests.release.xcconfig */ = {isa = PBXFileReference; includeInIndex = 1; lastKnownFileType = text.xcconfig; name = "Pods-ExampleUITests.release.xcconfig"; path = "Target Support Files/Pods-ExampleUITests/Pods-ExampleUITests.release.xcconfig"; sourceTree = "<group>"; };
/* End PBXFileReference section */

/* Begin PBXFrameworksBuildPhase section */
		840424C02387B28900D1333E /* Frameworks */ = {
			isa = PBXFrameworksBuildPhase;
			buildActionMask = 2147483647;
			files = (
				5425290391360624723006C4 /* Pods_Example.framework in Frameworks */,
			);
			runOnlyForDeploymentPostprocessing = 0;
		};
		840424D62387B28D00D1333E /* Frameworks */ = {
			isa = PBXFrameworksBuildPhase;
			buildActionMask = 2147483647;
			files = (
				37194FC7E2DAA71EA827C82B /* Pods_ExampleTests.framework in Frameworks */,
			);
			runOnlyForDeploymentPostprocessing = 0;
		};
		840424E12387B28D00D1333E /* Frameworks */ = {
			isa = PBXFrameworksBuildPhase;
			buildActionMask = 2147483647;
			files = (
				58B9B22F8E1D747726B92006 /* Pods_ExampleUITests.framework in Frameworks */,
			);
			runOnlyForDeploymentPostprocessing = 0;
		};
/* End PBXFrameworksBuildPhase section */

/* Begin PBXGroup section */
		0F18C315232EA3D566D9F45B /* Pods */ = {
			isa = PBXGroup;
			children = (
				11A872B38A822B5AFD25CA7A /* Pods-Example.debug.xcconfig */,
				88B91881546190F760E34E06 /* Pods-Example.release.xcconfig */,
				278A05586C24B708BA035D37 /* Pods-ExampleTests.debug.xcconfig */,
				D3CD65A28EEE97499A25C793 /* Pods-ExampleTests.release.xcconfig */,
				262208E7FA1F862335E1F53F /* Pods-ExampleUITests.debug.xcconfig */,
				EDFC66DCF6321D226C5FB649 /* Pods-ExampleUITests.release.xcconfig */,
			);
			path = Pods;
			sourceTree = "<group>";
		};
		2AE639D883E8F66C6ED9BB62 /* Frameworks */ = {
			isa = PBXGroup;
			children = (
				5A6023BA3AAF9711D6437BAE /* Pods_Example.framework */,
				56E719692D537DBA33A36094 /* Pods_ExampleTests.framework */,
				0C818A6DDBA707BD35E19409 /* Pods_ExampleUITests.framework */,
			);
			name = Frameworks;
			sourceTree = "<group>";
		};
		840424BA2387B28900D1333E = {
			isa = PBXGroup;
			children = (
				840424C52387B28900D1333E /* Example */,
				840424DC2387B28D00D1333E /* ExampleTests */,
				840424E72387B28D00D1333E /* ExampleUITests */,
				840424C42387B28900D1333E /* Products */,
				0F18C315232EA3D566D9F45B /* Pods */,
				2AE639D883E8F66C6ED9BB62 /* Frameworks */,
			);
			sourceTree = "<group>";
		};
		840424C42387B28900D1333E /* Products */ = {
			isa = PBXGroup;
			children = (
				840424C32387B28900D1333E /* Example.app */,
				840424D92387B28D00D1333E /* ExampleTests.xctest */,
				840424E42387B28D00D1333E /* ExampleUITests.xctest */,
			);
			name = Products;
			sourceTree = "<group>";
		};
		840424C52387B28900D1333E /* Example */ = {
			isa = PBXGroup;
			children = (
				840424C62387B28900D1333E /* AppDelegate.swift */,
				840424CA2387B28900D1333E /* ViewController.swift */,
				840424CC2387B28900D1333E /* Main.storyboard */,
				840424CF2387B28D00D1333E /* Assets.xcassets */,
				840424D12387B28D00D1333E /* LaunchScreen.storyboard */,
				501274AE2473078E001E36A4 /* Info.plist */,
			);
			path = Example;
			sourceTree = "<group>";
		};
		840424DC2387B28D00D1333E /* ExampleTests */ = {
			isa = PBXGroup;
			children = (
				840424DD2387B28D00D1333E /* ExampleTests.swift */,
				840424DF2387B28D00D1333E /* Info.plist */,
			);
			path = ExampleTests;
			sourceTree = "<group>";
		};
		840424E72387B28D00D1333E /* ExampleUITests */ = {
			isa = PBXGroup;
			children = (
				840424E82387B28D00D1333E /* ExampleUITests.swift */,
				840424EA2387B28D00D1333E /* Info.plist */,
			);
			path = ExampleUITests;
			sourceTree = "<group>";
		};
/* End PBXGroup section */

/* Begin PBXNativeTarget section */
		840424C22387B28900D1333E /* Example */ = {
			isa = PBXNativeTarget;
			buildConfigurationList = 840424ED2387B28D00D1333E /* Build configuration list for PBXNativeTarget "Example" */;
			buildPhases = (
				445D3C0586C58176FD8B2010 /* [CP] Check Pods Manifest.lock */,
				840424BF2387B28900D1333E /* Sources */,
				840424C02387B28900D1333E /* Frameworks */,
				840424C12387B28900D1333E /* Resources */,
				14B038516240E51D1222F806 /* [CP] Embed Pods Frameworks */,
			);
			buildRules = (
			);
			dependencies = (
			);
			name = Example;
			productName = Example;
			productReference = 840424C32387B28900D1333E /* Example.app */;
			productType = "com.apple.product-type.application";
		};
		840424D82387B28D00D1333E /* ExampleTests */ = {
			isa = PBXNativeTarget;
			buildConfigurationList = 840424F02387B28D00D1333E /* Build configuration list for PBXNativeTarget "ExampleTests" */;
			buildPhases = (
				2A5016F5AF9499AF07DB7F5C /* [CP] Check Pods Manifest.lock */,
				840424D52387B28D00D1333E /* Sources */,
				840424D62387B28D00D1333E /* Frameworks */,
				840424D72387B28D00D1333E /* Resources */,
			);
			buildRules = (
			);
			dependencies = (
				840424DB2387B28D00D1333E /* PBXTargetDependency */,
			);
			name = ExampleTests;
			productName = ExampleTests;
			productReference = 840424D92387B28D00D1333E /* ExampleTests.xctest */;
			productType = "com.apple.product-type.bundle.unit-test";
		};
		840424E32387B28D00D1333E /* ExampleUITests */ = {
			isa = PBXNativeTarget;
			buildConfigurationList = 840424F32387B28D00D1333E /* Build configuration list for PBXNativeTarget "ExampleUITests" */;
			buildPhases = (
				06A3651ECB909DC4402E9B48 /* [CP] Check Pods Manifest.lock */,
				840424E02387B28D00D1333E /* Sources */,
				840424E12387B28D00D1333E /* Frameworks */,
				840424E22387B28D00D1333E /* Resources */,
			);
			buildRules = (
			);
			dependencies = (
				840424E62387B28D00D1333E /* PBXTargetDependency */,
			);
			name = ExampleUITests;
			productName = ExampleUITests;
			productReference = 840424E42387B28D00D1333E /* ExampleUITests.xctest */;
			productType = "com.apple.product-type.bundle.ui-testing";
		};
/* End PBXNativeTarget section */

/* Begin PBXProject section */
		840424BB2387B28900D1333E /* Project object */ = {
			isa = PBXProject;
			attributes = {
				LastSwiftUpdateCheck = 1100;
				LastUpgradeCheck = 1100;
				ORGANIZATIONNAME = admin;
				TargetAttributes = {
					840424C22387B28900D1333E = {
						CreatedOnToolsVersion = 11.0;
					};
					840424D82387B28D00D1333E = {
						CreatedOnToolsVersion = 11.0;
						TestTargetID = 840424C22387B28900D1333E;
					};
					840424E32387B28D00D1333E = {
						CreatedOnToolsVersion = 11.0;
						TestTargetID = 840424C22387B28900D1333E;
					};
				};
			};
			buildConfigurationList = 840424BE2387B28900D1333E /* Build configuration list for PBXProject "Example" */;
			compatibilityVersion = "Xcode 9.3";
			developmentRegion = en;
			hasScannedForEncodings = 0;
			knownRegions = (
				en,
				Base,
			);
			mainGroup = 840424BA2387B28900D1333E;
			productRefGroup = 840424C42387B28900D1333E /* Products */;
			projectDirPath = "";
			projectRoot = "";
			targets = (
				840424C22387B28900D1333E /* Example */,
				840424D82387B28D00D1333E /* ExampleTests */,
				840424E32387B28D00D1333E /* ExampleUITests */,
			);
		};
/* End PBXProject section */

/* Begin PBXResourcesBuildPhase section */
		840424C12387B28900D1333E /* Resources */ = {
			isa = PBXResourcesBuildPhase;
			buildActionMask = 2147483647;
			files = (
				501274AF2473078E001E36A4 /* Info.plist in Resources */,
				840424D32387B28D00D1333E /* LaunchScreen.storyboard in Resources */,
				840424D02387B28D00D1333E /* Assets.xcassets in Resources */,
				840424CE2387B28900D1333E /* Main.storyboard in Resources */,
			);
			runOnlyForDeploymentPostprocessing = 0;
		};
		840424D72387B28D00D1333E /* Resources */ = {
			isa = PBXResourcesBuildPhase;
			buildActionMask = 2147483647;
			files = (
			);
			runOnlyForDeploymentPostprocessing = 0;
		};
		840424E22387B28D00D1333E /* Resources */ = {
			isa = PBXResourcesBuildPhase;
			buildActionMask = 2147483647;
			files = (
			);
			runOnlyForDeploymentPostprocessing = 0;
		};
/* End PBXResourcesBuildPhase section */

/* Begin PBXShellScriptBuildPhase section */
		06A3651ECB909DC4402E9B48 /* [CP] Check Pods Manifest.lock */ = {
			isa = PBXShellScriptBuildPhase;
			buildActionMask = 2147483647;
			files = (
			);
			inputFileListPaths = (
			);
			inputPaths = (
				"${PODS_PODFILE_DIR_PATH}/Podfile.lock",
				"${PODS_ROOT}/Manifest.lock",
			);
			name = "[CP] Check Pods Manifest.lock";
			outputFileListPaths = (
			);
			outputPaths = (
				"$(DERIVED_FILE_DIR)/Pods-ExampleUITests-checkManifestLockResult.txt",
			);
			runOnlyForDeploymentPostprocessing = 0;
			shellPath = /bin/sh;
			shellScript = "diff \"${PODS_PODFILE_DIR_PATH}/Podfile.lock\" \"${PODS_ROOT}/Manifest.lock\" > /dev/null\nif [ $? != 0 ] ; then\n    # print error to STDERR\n    echo \"error: The sandbox is not in sync with the Podfile.lock. Run 'pod install' or update your CocoaPods installation.\" >&2\n    exit 1\nfi\n# This output is used by Xcode 'outputs' to avoid re-running this script phase.\necho \"SUCCESS\" > \"${SCRIPT_OUTPUT_FILE_0}\"\n";
			showEnvVarsInLog = 0;
		};
		14B038516240E51D1222F806 /* [CP] Embed Pods Frameworks */ = {
			isa = PBXShellScriptBuildPhase;
			buildActionMask = 2147483647;
			files = (
			);
			inputFileListPaths = (
				"${PODS_ROOT}/Target Support Files/Pods-Example/Pods-Example-frameworks-${CONFIGURATION}-input-files.xcfilelist",
			);
			name = "[CP] Embed Pods Frameworks";
			outputFileListPaths = (
				"${PODS_ROOT}/Target Support Files/Pods-Example/Pods-Example-frameworks-${CONFIGURATION}-output-files.xcfilelist",
			);
			runOnlyForDeploymentPostprocessing = 0;
			shellPath = /bin/sh;
			shellScript = "\"${PODS_ROOT}/Target Support Files/Pods-Example/Pods-Example-frameworks.sh\"\n";
			showEnvVarsInLog = 0;
		};
		2A5016F5AF9499AF07DB7F5C /* [CP] Check Pods Manifest.lock */ = {
			isa = PBXShellScriptBuildPhase;
			buildActionMask = 2147483647;
			files = (
			);
			inputFileListPaths = (
			);
			inputPaths = (
				"${PODS_PODFILE_DIR_PATH}/Podfile.lock",
				"${PODS_ROOT}/Manifest.lock",
			);
			name = "[CP] Check Pods Manifest.lock";
			outputFileListPaths = (
			);
			outputPaths = (
				"$(DERIVED_FILE_DIR)/Pods-ExampleTests-checkManifestLockResult.txt",
			);
			runOnlyForDeploymentPostprocessing = 0;
			shellPath = /bin/sh;
			shellScript = "diff \"${PODS_PODFILE_DIR_PATH}/Podfile.lock\" \"${PODS_ROOT}/Manifest.lock\" > /dev/null\nif [ $? != 0 ] ; then\n    # print error to STDERR\n    echo \"error: The sandbox is not in sync with the Podfile.lock. Run 'pod install' or update your CocoaPods installation.\" >&2\n    exit 1\nfi\n# This output is used by Xcode 'outputs' to avoid re-running this script phase.\necho \"SUCCESS\" > \"${SCRIPT_OUTPUT_FILE_0}\"\n";
			showEnvVarsInLog = 0;
		};
		445D3C0586C58176FD8B2010 /* [CP] Check Pods Manifest.lock */ = {
			isa = PBXShellScriptBuildPhase;
			buildActionMask = 2147483647;
			files = (
			);
			inputFileListPaths = (
			);
			inputPaths = (
				"${PODS_PODFILE_DIR_PATH}/Podfile.lock",
				"${PODS_ROOT}/Manifest.lock",
			);
			name = "[CP] Check Pods Manifest.lock";
			outputFileListPaths = (
			);
			outputPaths = (
				"$(DERIVED_FILE_DIR)/Pods-Example-checkManifestLockResult.txt",
			);
			runOnlyForDeploymentPostprocessing = 0;
			shellPath = /bin/sh;
			shellScript = "diff \"${PODS_PODFILE_DIR_PATH}/Podfile.lock\" \"${PODS_ROOT}/Manifest.lock\" > /dev/null\nif [ $? != 0 ] ; then\n    # print error to STDERR\n    echo \"error: The sandbox is not in sync with the Podfile.lock. Run 'pod install' or update your CocoaPods installation.\" >&2\n    exit 1\nfi\n# This output is used by Xcode 'outputs' to avoid re-running this script phase.\necho \"SUCCESS\" > \"${SCRIPT_OUTPUT_FILE_0}\"\n";
			showEnvVarsInLog = 0;
		};
/* End PBXShellScriptBuildPhase section */

/* Begin PBXSourcesBuildPhase section */
		840424BF2387B28900D1333E /* Sources */ = {
			isa = PBXSourcesBuildPhase;
			buildActionMask = 2147483647;
			files = (
				840424CB2387B28900D1333E /* ViewController.swift in Sources */,
				840424C72387B28900D1333E /* AppDelegate.swift in Sources */,
			);
			runOnlyForDeploymentPostprocessing = 0;
		};
		840424D52387B28D00D1333E /* Sources */ = {
			isa = PBXSourcesBuildPhase;
			buildActionMask = 2147483647;
			files = (
				840424DE2387B28D00D1333E /* ExampleTests.swift in Sources */,
			);
			runOnlyForDeploymentPostprocessing = 0;
		};
		840424E02387B28D00D1333E /* Sources */ = {
			isa = PBXSourcesBuildPhase;
			buildActionMask = 2147483647;
			files = (
				840424E92387B28D00D1333E /* ExampleUITests.swift in Sources */,
			);
			runOnlyForDeploymentPostprocessing = 0;
		};
/* End PBXSourcesBuildPhase section */

/* Begin PBXTargetDependency section */
		840424DB2387B28D00D1333E /* PBXTargetDependency */ = {
			isa = PBXTargetDependency;
			target = 840424C22387B28900D1333E /* Example */;
			targetProxy = 840424DA2387B28D00D1333E /* PBXContainerItemProxy */;
		};
		840424E62387B28D00D1333E /* PBXTargetDependency */ = {
			isa = PBXTargetDependency;
			target = 840424C22387B28900D1333E /* Example */;
			targetProxy = 840424E52387B28D00D1333E /* PBXContainerItemProxy */;
		};
/* End PBXTargetDependency section */

/* Begin PBXVariantGroup section */
		840424CC2387B28900D1333E /* Main.storyboard */ = {
			isa = PBXVariantGroup;
			children = (
				840424CD2387B28900D1333E /* Base */,
			);
			name = Main.storyboard;
			sourceTree = "<group>";
		};
		840424D12387B28D00D1333E /* LaunchScreen.storyboard */ = {
			isa = PBXVariantGroup;
			children = (
				840424D22387B28D00D1333E /* Base */,
			);
			name = LaunchScreen.storyboard;
			sourceTree = "<group>";
		};
/* End PBXVariantGroup section */

/* Begin XCBuildConfiguration section */
		840424EB2387B28D00D1333E /* Debug */ = {
			isa = XCBuildConfiguration;
			buildSettings = {
				ALWAYS_SEARCH_USER_PATHS = NO;
				CLANG_ANALYZER_NONNULL = YES;
				CLANG_ANALYZER_NUMBER_OBJECT_CONVERSION = YES_AGGRESSIVE;
				CLANG_CXX_LANGUAGE_STANDARD = "gnu++14";
				CLANG_CXX_LIBRARY = "libc++";
				CLANG_ENABLE_MODULES = YES;
				CLANG_ENABLE_OBJC_ARC = YES;
				CLANG_ENABLE_OBJC_WEAK = YES;
				CLANG_WARN_BLOCK_CAPTURE_AUTORELEASING = YES;
				CLANG_WARN_BOOL_CONVERSION = YES;
				CLANG_WARN_COMMA = YES;
				CLANG_WARN_CONSTANT_CONVERSION = YES;
				CLANG_WARN_DEPRECATED_OBJC_IMPLEMENTATIONS = YES;
				CLANG_WARN_DIRECT_OBJC_ISA_USAGE = YES_ERROR;
				CLANG_WARN_DOCUMENTATION_COMMENTS = YES;
				CLANG_WARN_EMPTY_BODY = YES;
				CLANG_WARN_ENUM_CONVERSION = YES;
				CLANG_WARN_INFINITE_RECURSION = YES;
				CLANG_WARN_INT_CONVERSION = YES;
				CLANG_WARN_NON_LITERAL_NULL_CONVERSION = YES;
				CLANG_WARN_OBJC_IMPLICIT_RETAIN_SELF = YES;
				CLANG_WARN_OBJC_LITERAL_CONVERSION = YES;
				CLANG_WARN_OBJC_ROOT_CLASS = YES_ERROR;
				CLANG_WARN_RANGE_LOOP_ANALYSIS = YES;
				CLANG_WARN_STRICT_PROTOTYPES = YES;
				CLANG_WARN_SUSPICIOUS_MOVE = YES;
				CLANG_WARN_UNGUARDED_AVAILABILITY = YES_AGGRESSIVE;
				CLANG_WARN_UNREACHABLE_CODE = YES;
				CLANG_WARN__DUPLICATE_METHOD_MATCH = YES;
				COPY_PHASE_STRIP = NO;
				DEBUG_INFORMATION_FORMAT = dwarf;
				ENABLE_STRICT_OBJC_MSGSEND = YES;
				ENABLE_TESTABILITY = YES;
				GCC_C_LANGUAGE_STANDARD = gnu11;
				GCC_DYNAMIC_NO_PIC = NO;
				GCC_NO_COMMON_BLOCKS = YES;
				GCC_OPTIMIZATION_LEVEL = 0;
				GCC_PREPROCESSOR_DEFINITIONS = (
					"DEBUG=1",
					"$(inherited)",
				);
				GCC_WARN_64_TO_32_BIT_CONVERSION = YES;
				GCC_WARN_ABOUT_RETURN_TYPE = YES_ERROR;
				GCC_WARN_UNDECLARED_SELECTOR = YES;
				GCC_WARN_UNINITIALIZED_AUTOS = YES_AGGRESSIVE;
				GCC_WARN_UNUSED_FUNCTION = YES;
				GCC_WARN_UNUSED_VARIABLE = YES;
				IPHONEOS_DEPLOYMENT_TARGET = 13.0;
				MTL_ENABLE_DEBUG_INFO = INCLUDE_SOURCE;
				MTL_FAST_MATH = YES;
				ONLY_ACTIVE_ARCH = YES;
				SDKROOT = iphoneos;
				SWIFT_ACTIVE_COMPILATION_CONDITIONS = DEBUG;
				SWIFT_OPTIMIZATION_LEVEL = "-Onone";
			};
			name = Debug;
		};
		840424EC2387B28D00D1333E /* Release */ = {
			isa = XCBuildConfiguration;
			buildSettings = {
				ALWAYS_SEARCH_USER_PATHS = NO;
				CLANG_ANALYZER_NONNULL = YES;
				CLANG_ANALYZER_NUMBER_OBJECT_CONVERSION = YES_AGGRESSIVE;
				CLANG_CXX_LANGUAGE_STANDARD = "gnu++14";
				CLANG_CXX_LIBRARY = "libc++";
				CLANG_ENABLE_MODULES = YES;
				CLANG_ENABLE_OBJC_ARC = YES;
				CLANG_ENABLE_OBJC_WEAK = YES;
				CLANG_WARN_BLOCK_CAPTURE_AUTORELEASING = YES;
				CLANG_WARN_BOOL_CONVERSION = YES;
				CLANG_WARN_COMMA = YES;
				CLANG_WARN_CONSTANT_CONVERSION = YES;
				CLANG_WARN_DEPRECATED_OBJC_IMPLEMENTATIONS = YES;
				CLANG_WARN_DIRECT_OBJC_ISA_USAGE = YES_ERROR;
				CLANG_WARN_DOCUMENTATION_COMMENTS = YES;
				CLANG_WARN_EMPTY_BODY = YES;
				CLANG_WARN_ENUM_CONVERSION = YES;
				CLANG_WARN_INFINITE_RECURSION = YES;
				CLANG_WARN_INT_CONVERSION = YES;
				CLANG_WARN_NON_LITERAL_NULL_CONVERSION = YES;
				CLANG_WARN_OBJC_IMPLICIT_RETAIN_SELF = YES;
				CLANG_WARN_OBJC_LITERAL_CONVERSION = YES;
				CLANG_WARN_OBJC_ROOT_CLASS = YES_ERROR;
				CLANG_WARN_RANGE_LOOP_ANALYSIS = YES;
				CLANG_WARN_STRICT_PROTOTYPES = YES;
				CLANG_WARN_SUSPICIOUS_MOVE = YES;
				CLANG_WARN_UNGUARDED_AVAILABILITY = YES_AGGRESSIVE;
				CLANG_WARN_UNREACHABLE_CODE = YES;
				CLANG_WARN__DUPLICATE_METHOD_MATCH = YES;
				COPY_PHASE_STRIP = NO;
				DEBUG_INFORMATION_FORMAT = "dwarf-with-dsym";
				ENABLE_NS_ASSERTIONS = NO;
				ENABLE_STRICT_OBJC_MSGSEND = YES;
				GCC_C_LANGUAGE_STANDARD = gnu11;
				GCC_NO_COMMON_BLOCKS = YES;
				GCC_WARN_64_TO_32_BIT_CONVERSION = YES;
				GCC_WARN_ABOUT_RETURN_TYPE = YES_ERROR;
				GCC_WARN_UNDECLARED_SELECTOR = YES;
				GCC_WARN_UNINITIALIZED_AUTOS = YES_AGGRESSIVE;
				GCC_WARN_UNUSED_FUNCTION = YES;
				GCC_WARN_UNUSED_VARIABLE = YES;
				IPHONEOS_DEPLOYMENT_TARGET = 13.0;
				MTL_ENABLE_DEBUG_INFO = NO;
				MTL_FAST_MATH = YES;
				SDKROOT = iphoneos;
				SWIFT_COMPILATION_MODE = wholemodule;
				SWIFT_OPTIMIZATION_LEVEL = "-O";
				VALIDATE_PRODUCT = YES;
			};
			name = Release;
		};
		840424EE2387B28D00D1333E /* Debug */ = {
			isa = XCBuildConfiguration;
			baseConfigurationReference = 11A872B38A822B5AFD25CA7A /* Pods-Example.debug.xcconfig */;
			buildSettings = {
				ASSETCATALOG_COMPILER_APPICON_NAME = AppIcon;
				CODE_SIGN_STYLE = Automatic;
				DEVELOPMENT_TEAM = 46FE8LX528;
				INFOPLIST_FILE = Example/Info.plist;
				IPHONEOS_DEPLOYMENT_TARGET = 10.0;
				LD_RUNPATH_SEARCH_PATHS = (
					"$(inherited)",
					"@executable_path/Frameworks",
				);
				PRODUCT_BUNDLE_IDENTIFIER = com.Saroj.Example;
				PRODUCT_NAME = "$(TARGET_NAME)";
				SWIFT_VERSION = 5.0;
				TARGETED_DEVICE_FAMILY = "1,2";
			};
			name = Debug;
		};
		840424EF2387B28D00D1333E /* Release */ = {
			isa = XCBuildConfiguration;
			baseConfigurationReference = 88B91881546190F760E34E06 /* Pods-Example.release.xcconfig */;
			buildSettings = {
				ASSETCATALOG_COMPILER_APPICON_NAME = AppIcon;
				CODE_SIGN_STYLE = Automatic;
				DEVELOPMENT_TEAM = 46FE8LX528;
				INFOPLIST_FILE = Example/Info.plist;
				IPHONEOS_DEPLOYMENT_TARGET = 10.0;
				LD_RUNPATH_SEARCH_PATHS = (
					"$(inherited)",
					"@executable_path/Frameworks",
				);
				PRODUCT_BUNDLE_IDENTIFIER = com.Saroj.Example;
				PRODUCT_NAME = "$(TARGET_NAME)";
				SWIFT_VERSION = 5.0;
				TARGETED_DEVICE_FAMILY = "1,2";
			};
			name = Release;
		};
		840424F12387B28D00D1333E /* Debug */ = {
			isa = XCBuildConfiguration;
			baseConfigurationReference = 278A05586C24B708BA035D37 /* Pods-ExampleTests.debug.xcconfig */;
			buildSettings = {
				ALWAYS_EMBED_SWIFT_STANDARD_LIBRARIES = YES;
				BUNDLE_LOADER = "$(TEST_HOST)";
				CODE_SIGN_STYLE = Automatic;
				DEVELOPMENT_TEAM = 46FE8LX528;
				INFOPLIST_FILE = ExampleTests/Info.plist;
				LD_RUNPATH_SEARCH_PATHS = (
					"$(inherited)",
					"@executable_path/Frameworks",
					"@loader_path/Frameworks",
				);
				PRODUCT_BUNDLE_IDENTIFIER = com.Saroj.ExampleTests;
				PRODUCT_NAME = "$(TARGET_NAME)";
				SWIFT_VERSION = 5.0;
				TARGETED_DEVICE_FAMILY = "1,2";
				TEST_HOST = "$(BUILT_PRODUCTS_DIR)/Example.app/Example";
			};
			name = Debug;
		};
		840424F22387B28D00D1333E /* Release */ = {
			isa = XCBuildConfiguration;
			baseConfigurationReference = D3CD65A28EEE97499A25C793 /* Pods-ExampleTests.release.xcconfig */;
			buildSettings = {
				ALWAYS_EMBED_SWIFT_STANDARD_LIBRARIES = YES;
				BUNDLE_LOADER = "$(TEST_HOST)";
				CODE_SIGN_STYLE = Automatic;
				DEVELOPMENT_TEAM = 46FE8LX528;
				INFOPLIST_FILE = ExampleTests/Info.plist;
				LD_RUNPATH_SEARCH_PATHS = (
					"$(inherited)",
					"@executable_path/Frameworks",
					"@loader_path/Frameworks",
				);
				PRODUCT_BUNDLE_IDENTIFIER = com.Saroj.ExampleTests;
				PRODUCT_NAME = "$(TARGET_NAME)";
				SWIFT_VERSION = 5.0;
				TARGETED_DEVICE_FAMILY = "1,2";
				TEST_HOST = "$(BUILT_PRODUCTS_DIR)/Example.app/Example";
			};
			name = Release;
		};
		840424F42387B28D00D1333E /* Debug */ = {
			isa = XCBuildConfiguration;
			baseConfigurationReference = 262208E7FA1F862335E1F53F /* Pods-ExampleUITests.debug.xcconfig */;
			buildSettings = {
				ALWAYS_EMBED_SWIFT_STANDARD_LIBRARIES = YES;
				CODE_SIGN_STYLE = Automatic;
				DEVELOPMENT_TEAM = 46FE8LX528;
				INFOPLIST_FILE = ExampleUITests/Info.plist;
				LD_RUNPATH_SEARCH_PATHS = (
					"$(inherited)",
					"@executable_path/Frameworks",
					"@loader_path/Frameworks",
				);
				PRODUCT_BUNDLE_IDENTIFIER = com.Saroj.ExampleUITests;
				PRODUCT_NAME = "$(TARGET_NAME)";
				SWIFT_VERSION = 5.0;
				TARGETED_DEVICE_FAMILY = "1,2";
				TEST_TARGET_NAME = Example;
			};
			name = Debug;
		};
		840424F52387B28D00D1333E /* Release */ = {
			isa = XCBuildConfiguration;
			baseConfigurationReference = EDFC66DCF6321D226C5FB649 /* Pods-ExampleUITests.release.xcconfig */;
			buildSettings = {
				ALWAYS_EMBED_SWIFT_STANDARD_LIBRARIES = YES;
				CODE_SIGN_STYLE = Automatic;
				DEVELOPMENT_TEAM = 46FE8LX528;
				INFOPLIST_FILE = ExampleUITests/Info.plist;
				LD_RUNPATH_SEARCH_PATHS = (
					"$(inherited)",
					"@executable_path/Frameworks",
					"@loader_path/Frameworks",
				);
				PRODUCT_BUNDLE_IDENTIFIER = com.Saroj.ExampleUITests;
				PRODUCT_NAME = "$(TARGET_NAME)";
				SWIFT_VERSION = 5.0;
				TARGETED_DEVICE_FAMILY = "1,2";
				TEST_TARGET_NAME = Example;
			};
			name = Release;
		};
/* End XCBuildConfiguration section */

/* Begin XCConfigurationList section */
		840424BE2387B28900D1333E /* Build configuration list for PBXProject "Example" */ = {
			isa = XCConfigurationList;
			buildConfigurations = (
				840424EB2387B28D00D1333E /* Debug */,
				840424EC2387B28D00D1333E /* Release */,
			);
			defaultConfigurationIsVisible = 0;
			defaultConfigurationName = Release;
		};
		840424ED2387B28D00D1333E /* Build configuration list for PBXNativeTarget "Example" */ = {
			isa = XCConfigurationList;
			buildConfigurations = (
				840424EE2387B28D00D1333E /* Debug */,
				840424EF2387B28D00D1333E /* Release */,
			);
			defaultConfigurationIsVisible = 0;
			defaultConfigurationName = Release;
		};
		840424F02387B28D00D1333E /* Build configuration list for PBXNativeTarget "ExampleTests" */ = {
			isa = XCConfigurationList;
			buildConfigurations = (
				840424F12387B28D00D1333E /* Debug */,
				840424F22387B28D00D1333E /* Release */,
			);
			defaultConfigurationIsVisible = 0;
			defaultConfigurationName = Release;
		};
		840424F32387B28D00D1333E /* Build configuration list for PBXNativeTarget "ExampleUITests" */ = {
			isa = XCConfigurationList;
			buildConfigurations = (
				840424F42387B28D00D1333E /* Debug */,
				840424F52387B28D00D1333E /* Release */,
			);
			defaultConfigurationIsVisible = 0;
			defaultConfigurationName = Release;
		};
/* End XCConfigurationList section */
	};
	rootObject = 840424BB2387B28900D1333E /* Project object */;
}
