// !$*UTF8*$!
{
	archiveVersion = 1;
	classes = {
	};
	objectVersion = 50;
	objects = {

/* Begin PBXBuildFile section */
		33AEBC986970EB131F0F959D /* Pods_SROTPViewTests.framework in Frameworks */ = {isa = PBXBuildFile; fileRef = 9536112A7888B7F4BAD3ABE1 /* Pods_SROTPViewTests.framework */; };
		84DAA52F238668D3006A12CF /* SROTPView.framework in Frameworks */ = {isa = PBXBuildFile; fileRef = 84DAA525238668D3006A12CF /* SROTPView.framework */; };
		84DAA534238668D3006A12CF /* SROTPViewTests.swift in Sources */ = {isa = PBXBuildFile; fileRef = 84DAA533238668D3006A12CF /* SROTPViewTests.swift */; };
		84DAA536238668D3006A12CF /* SROTPView.h in Headers */ = {isa = PBXBuildFile; fileRef = 84DAA528238668D3006A12CF /* SROTPView.h */; settings = {ATTRIBUTES = (Public, ); }; };
		84DAA54523867906006A12CF /* SROTPView.swift in Sources */ = {isa = PBXBuildFile; fileRef = 84DAA54323867905006A12CF /* SROTPView.swift */; };
		84DAA54623867906006A12CF /* SROTPTextField.swift in Sources */ = {isa = PBXBuildFile; fileRef = 84DAA54423867905006A12CF /* SROTPTextField.swift */; };
		F665334C0136344993FB64CF /* Pods_SROTPView.framework in Frameworks */ = {isa = PBXBuildFile; fileRef = 1AF3733369B7E220B36759FE /* Pods_SROTPView.framework */; };
/* End PBXBuildFile section */

/* Begin PBXContainerItemProxy section */
		84834C982386B269002974E0 /* PBXContainerItemProxy */ = {
			isa = PBXContainerItemProxy;
			containerPortal = 84DAA51C238668D3006A12CF /* Project object */;
			proxyType = 1;
			remoteGlobalIDString = 84834C812386B265002974E0;
			remoteInfo = Example;
		};
		84834CA32386B269002974E0 /* PBXContainerItemProxy */ = {
			isa = PBXContainerItemProxy;
			containerPortal = 84DAA51C238668D3006A12CF /* Project object */;
			proxyType = 1;
			remoteGlobalIDString = 84834C812386B265002974E0;
			remoteInfo = Example;
		};
		84DAA530238668D3006A12CF /* PBXContainerItemProxy */ = {
			isa = PBXContainerItemProxy;
			containerPortal = 84DAA51C238668D3006A12CF /* Project object */;
			proxyType = 1;
			remoteGlobalIDString = 84DAA524238668D3006A12CF;
			remoteInfo = SROTPView;
		};
/* End PBXContainerItemProxy section */

/* Begin PBXFileReference section */
		1AF3733369B7E220B36759FE /* Pods_SROTPView.framework */ = {isa = PBXFileReference; explicitFileType = wrapper.framework; includeInIndex = 0; path = Pods_SROTPView.framework; sourceTree = BUILT_PRODUCTS_DIR; };
		47466F2F2952752DEADA151E /* Pods-SROTPViewTests.debug.xcconfig */ = {isa = PBXFileReference; includeInIndex = 1; lastKnownFileType = text.xcconfig; name = "Pods-SROTPViewTests.debug.xcconfig"; path = "Target Support Files/Pods-SROTPViewTests/Pods-SROTPViewTests.debug.xcconfig"; sourceTree = "<group>"; };
		84834C822386B265002974E0 /* Example.app */ = {isa = PBXFileReference; explicitFileType = wrapper.application; includeInIndex = 0; path = Example.app; sourceTree = BUILT_PRODUCTS_DIR; };
		84834C972386B269002974E0 /* ExampleTests.xctest */ = {isa = PBXFileReference; explicitFileType = wrapper.cfbundle; includeInIndex = 0; path = ExampleTests.xctest; sourceTree = BUILT_PRODUCTS_DIR; };
		84834CA22386B269002974E0 /* ExampleUITests.xctest */ = {isa = PBXFileReference; explicitFileType = wrapper.cfbundle; includeInIndex = 0; path = ExampleUITests.xctest; sourceTree = BUILT_PRODUCTS_DIR; };
		84DAA525238668D3006A12CF /* SROTPView.framework */ = {isa = PBXFileReference; explicitFileType = wrapper.framework; includeInIndex = 0; path = SROTPView.framework; sourceTree = BUILT_PRODUCTS_DIR; };
		84DAA528238668D3006A12CF /* SROTPView.h */ = {isa = PBXFileReference; lastKnownFileType = sourcecode.c.h; path = SROTPView.h; sourceTree = "<group>"; };
		84DAA529238668D3006A12CF /* Info.plist */ = {isa = PBXFileReference; lastKnownFileType = text.plist.xml; path = Info.plist; sourceTree = "<group>"; };
		84DAA52E238668D3006A12CF /* SROTPViewTests.xctest */ = {isa = PBXFileReference; explicitFileType = wrapper.cfbundle; includeInIndex = 0; path = SROTPViewTests.xctest; sourceTree = BUILT_PRODUCTS_DIR; };
		84DAA533238668D3006A12CF /* SROTPViewTests.swift */ = {isa = PBXFileReference; lastKnownFileType = sourcecode.swift; path = SROTPViewTests.swift; sourceTree = "<group>"; };
		84DAA535238668D3006A12CF /* Info.plist */ = {isa = PBXFileReference; lastKnownFileType = text.plist.xml; path = Info.plist; sourceTree = "<group>"; };
		84DAA54323867905006A12CF /* SROTPView.swift */ = {isa = PBXFileReference; fileEncoding = 4; lastKnownFileType = sourcecode.swift; path = SROTPView.swift; sourceTree = "<group>"; };
		84DAA54423867905006A12CF /* SROTPTextField.swift */ = {isa = PBXFileReference; fileEncoding = 4; lastKnownFileType = sourcecode.swift; path = SROTPTextField.swift; sourceTree = "<group>"; };
		9536112A7888B7F4BAD3ABE1 /* Pods_SROTPViewTests.framework */ = {isa = PBXFileReference; explicitFileType = wrapper.framework; includeInIndex = 0; path = Pods_SROTPViewTests.framework; sourceTree = BUILT_PRODUCTS_DIR; };
		CBD294F3D6E582DDFB8477FF /* Pods-SROTPView.release.xcconfig */ = {isa = PBXFileReference; includeInIndex = 1; lastKnownFileType = text.xcconfig; name = "Pods-SROTPView.release.xcconfig"; path = "Target Support Files/Pods-SROTPView/Pods-SROTPView.release.xcconfig"; sourceTree = "<group>"; };
		D6E49D9A3267FA2441098A48 /* Pods-SROTPView.debug.xcconfig */ = {isa = PBXFileReference; includeInIndex = 1; lastKnownFileType = text.xcconfig; name = "Pods-SROTPView.debug.xcconfig"; path = "Target Support Files/Pods-SROTPView/Pods-SROTPView.debug.xcconfig"; sourceTree = "<group>"; };
		E7804289DCCDEEB426C1E9C1 /* Pods-SROTPViewTests.release.xcconfig */ = {isa = PBXFileReference; includeInIndex = 1; lastKnownFileType = text.xcconfig; name = "Pods-SROTPViewTests.release.xcconfig"; path = "Target Support Files/Pods-SROTPViewTests/Pods-SROTPViewTests.release.xcconfig"; sourceTree = "<group>"; };
/* End PBXFileReference section */

/* Begin PBXFrameworksBuildPhase section */
		84834C7F2386B265002974E0 /* Frameworks */ = {
			isa = PBXFrameworksBuildPhase;
			buildActionMask = 2147483647;
			files = (
			);
			runOnlyForDeploymentPostprocessing = 0;
		};
		84834C942386B269002974E0 /* Frameworks */ = {
			isa = PBXFrameworksBuildPhase;
			buildActionMask = 2147483647;
			files = (
			);
			runOnlyForDeploymentPostprocessing = 0;
		};
		84834C9F2386B269002974E0 /* Frameworks */ = {
			isa = PBXFrameworksBuildPhase;
			buildActionMask = 2147483647;
			files = (
			);
			runOnlyForDeploymentPostprocessing = 0;
		};
		84DAA522238668D3006A12CF /* Frameworks */ = {
			isa = PBXFrameworksBuildPhase;
			buildActionMask = 2147483647;
			files = (
				F665334C0136344993FB64CF /* Pods_SROTPView.framework in Frameworks */,
			);
			runOnlyForDeploymentPostprocessing = 0;
		};
		84DAA52B238668D3006A12CF /* Frameworks */ = {
			isa = PBXFrameworksBuildPhase;
			buildActionMask = 2147483647;
			files = (
				84DAA52F238668D3006A12CF /* SROTPView.framework in Frameworks */,
				33AEBC986970EB131F0F959D /* Pods_SROTPViewTests.framework in Frameworks */,
			);
			runOnlyForDeploymentPostprocessing = 0;
		};
/* End PBXFrameworksBuildPhase section */

/* Begin PBXGroup section */
		35177B9A577DAC00E3D91290 /* Pods */ = {
			isa = PBXGroup;
			children = (
				D6E49D9A3267FA2441098A48 /* Pods-SROTPView.debug.xcconfig */,
				CBD294F3D6E582DDFB8477FF /* Pods-SROTPView.release.xcconfig */,
				47466F2F2952752DEADA151E /* Pods-SROTPViewTests.debug.xcconfig */,
				E7804289DCCDEEB426C1E9C1 /* Pods-SROTPViewTests.release.xcconfig */,
			);
			path = Pods;
			sourceTree = "<group>";
		};
		84DAA51B238668D3006A12CF = {
			isa = PBXGroup;
			children = (
				84DAA527238668D3006A12CF /* SROTPView */,
				84DAA532238668D3006A12CF /* SROTPViewTests */,
				84DAA526238668D3006A12CF /* Products */,
				35177B9A577DAC00E3D91290 /* Pods */,
				C8CD03FCB343E8E67ACD6B1C /* Frameworks */,
			);
			sourceTree = "<group>";
		};
		84DAA526238668D3006A12CF /* Products */ = {
			isa = PBXGroup;
			children = (
				84DAA525238668D3006A12CF /* SROTPView.framework */,
				84DAA52E238668D3006A12CF /* SROTPViewTests.xctest */,
				84834C822386B265002974E0 /* Example.app */,
				84834C972386B269002974E0 /* ExampleTests.xctest */,
				84834CA22386B269002974E0 /* ExampleUITests.xctest */,
			);
			name = Products;
			sourceTree = "<group>";
		};
		84DAA527238668D3006A12CF /* SROTPView */ = {
			isa = PBXGroup;
			children = (
				84DAA54423867905006A12CF /* SROTPTextField.swift */,
				84DAA54323867905006A12CF /* SROTPView.swift */,
				84DAA528238668D3006A12CF /* SROTPView.h */,
				84DAA529238668D3006A12CF /* Info.plist */,
			);
			path = SROTPView;
			sourceTree = "<group>";
		};
		84DAA532238668D3006A12CF /* SROTPViewTests */ = {
			isa = PBXGroup;
			children = (
				84DAA533238668D3006A12CF /* SROTPViewTests.swift */,
				84DAA535238668D3006A12CF /* Info.plist */,
			);
			path = SROTPViewTests;
			sourceTree = "<group>";
		};
		C8CD03FCB343E8E67ACD6B1C /* Frameworks */ = {
			isa = PBXGroup;
			children = (
				1AF3733369B7E220B36759FE /* Pods_SROTPView.framework */,
				9536112A7888B7F4BAD3ABE1 /* Pods_SROTPViewTests.framework */,
			);
			name = Frameworks;
			sourceTree = "<group>";
		};
/* End PBXGroup section */

/* Begin PBXHeadersBuildPhase section */
		84DAA520238668D3006A12CF /* Headers */ = {
			isa = PBXHeadersBuildPhase;
			buildActionMask = 2147483647;
			files = (
				84DAA536238668D3006A12CF /* SROTPView.h in Headers */,
			);
			runOnlyForDeploymentPostprocessing = 0;
		};
/* End PBXHeadersBuildPhase section */

/* Begin PBXNativeTarget section */
		84834C812386B265002974E0 /* Example */ = {
			isa = PBXNativeTarget;
			buildConfigurationList = 84834CAF2386B269002974E0 /* Build configuration list for PBXNativeTarget "Example" */;
			buildPhases = (
				84834C7E2386B265002974E0 /* Sources */,
				84834C7F2386B265002974E0 /* Frameworks */,
				84834C802386B265002974E0 /* Resources */,
			);
			buildRules = (
			);
			dependencies = (
			);
			name = Example;
			productName = Example;
			productReference = 84834C822386B265002974E0 /* Example.app */;
			productType = "com.apple.product-type.application";
		};
		84834C962386B269002974E0 /* ExampleTests */ = {
			isa = PBXNativeTarget;
			buildConfigurationList = 84834CB02386B269002974E0 /* Build configuration list for PBXNativeTarget "ExampleTests" */;
			buildPhases = (
				84834C932386B269002974E0 /* Sources */,
				84834C942386B269002974E0 /* Frameworks */,
				84834C952386B269002974E0 /* Resources */,
			);
			buildRules = (
			);
			dependencies = (
				84834C992386B269002974E0 /* PBXTargetDependency */,
			);
			name = ExampleTests;
			productName = ExampleTests;
			productReference = 84834C972386B269002974E0 /* ExampleTests.xctest */;
			productType = "com.apple.product-type.bundle.unit-test";
		};
		84834CA12386B269002974E0 /* ExampleUITests */ = {
			isa = PBXNativeTarget;
			buildConfigurationList = 84834CB12386B269002974E0 /* Build configuration list for PBXNativeTarget "ExampleUITests" */;
			buildPhases = (
				84834C9E2386B269002974E0 /* Sources */,
				84834C9F2386B269002974E0 /* Frameworks */,
				84834CA02386B269002974E0 /* Resources */,
			);
			buildRules = (
			);
			dependencies = (
				84834CA42386B269002974E0 /* PBXTargetDependency */,
			);
			name = ExampleUITests;
			productName = ExampleUITests;
			productReference = 84834CA22386B269002974E0 /* ExampleUITests.xctest */;
			productType = "com.apple.product-type.bundle.ui-testing";
		};
		84DAA524238668D3006A12CF /* SROTPView */ = {
			isa = PBXNativeTarget;
			buildConfigurationList = 84DAA539238668D3006A12CF /* Build configuration list for PBXNativeTarget "SROTPView" */;
			buildPhases = (
				85D7CD22B1B22A47CDDDF907 /* [CP] Check Pods Manifest.lock */,
				84DAA520238668D3006A12CF /* Headers */,
				84DAA521238668D3006A12CF /* Sources */,
				84DAA522238668D3006A12CF /* Frameworks */,
				84DAA523238668D3006A12CF /* Resources */,
			);
			buildRules = (
			);
			dependencies = (
			);
			name = SROTPView;
			productName = SROTPView;
			productReference = 84DAA525238668D3006A12CF /* SROTPView.framework */;
			productType = "com.apple.product-type.framework";
		};
		84DAA52D238668D3006A12CF /* SROTPViewTests */ = {
			isa = PBXNativeTarget;
			buildConfigurationList = 84DAA53C238668D3006A12CF /* Build configuration list for PBXNativeTarget "SROTPViewTests" */;
			buildPhases = (
				12751674FCEDCE6DD5DFCAE2 /* [CP] Check Pods Manifest.lock */,
				84DAA52A238668D3006A12CF /* Sources */,
				84DAA52B238668D3006A12CF /* Frameworks */,
				84DAA52C238668D3006A12CF /* Resources */,
			);
			buildRules = (
			);
			dependencies = (
				84DAA531238668D3006A12CF /* PBXTargetDependency */,
			);
			name = SROTPViewTests;
			productName = SROTPViewTests;
			productReference = 84DAA52E238668D3006A12CF /* SROTPViewTests.xctest */;
			productType = "com.apple.product-type.bundle.unit-test";
		};
/* End PBXNativeTarget section */

/* Begin PBXProject section */
		84DAA51C238668D3006A12CF /* Project object */ = {
			isa = PBXProject;
			attributes = {
				LastSwiftUpdateCheck = 1100;
				LastUpgradeCheck = 1100;
				ORGANIZATIONNAME = admin;
				TargetAttributes = {
					84834C812386B265002974E0 = {
						CreatedOnToolsVersion = 11.0;
					};
					84834C962386B269002974E0 = {
						CreatedOnToolsVersion = 11.0;
						TestTargetID = 84834C812386B265002974E0;
					};
					84834CA12386B269002974E0 = {
						CreatedOnToolsVersion = 11.0;
						TestTargetID = 84834C812386B265002974E0;
					};
					84DAA524238668D3006A12CF = {
						CreatedOnToolsVersion = 11.0;
						LastSwiftMigration = 1100;
					};
					84DAA52D238668D3006A12CF = {
						CreatedOnToolsVersion = 11.0;
					};
				};
			};
			buildConfigurationList = 84DAA51F238668D3006A12CF /* Build configuration list for PBXProject "SROTPView" */;
			compatibilityVersion = "Xcode 9.3";
			developmentRegion = en;
			hasScannedForEncodings = 0;
			knownRegions = (
				en,
				Base,
			);
			mainGroup = 84DAA51B238668D3006A12CF;
			productRefGroup = 84DAA526238668D3006A12CF /* Products */;
			projectDirPath = "";
			projectRoot = "";
			targets = (
				84DAA524238668D3006A12CF /* SROTPView */,
				84DAA52D238668D3006A12CF /* SROTPViewTests */,
				84834C812386B265002974E0 /* Example */,
				84834C962386B269002974E0 /* ExampleTests */,
				84834CA12386B269002974E0 /* ExampleUITests */,
			);
		};
/* End PBXProject section */

/* Begin PBXResourcesBuildPhase section */
		84834C802386B265002974E0 /* Resources */ = {
			isa = PBXResourcesBuildPhase;
			buildActionMask = 2147483647;
			files = (
			);
			runOnlyForDeploymentPostprocessing = 0;
		};
		84834C952386B269002974E0 /* Resources */ = {
			isa = PBXResourcesBuildPhase;
			buildActionMask = 2147483647;
			files = (
			);
			runOnlyForDeploymentPostprocessing = 0;
		};
		84834CA02386B269002974E0 /* Resources */ = {
			isa = PBXResourcesBuildPhase;
			buildActionMask = 2147483647;
			files = (
			);
			runOnlyForDeploymentPostprocessing = 0;
		};
		84DAA523238668D3006A12CF /* Resources */ = {
			isa = PBXResourcesBuildPhase;
			buildActionMask = 2147483647;
			files = (
			);
			runOnlyForDeploymentPostprocessing = 0;
		};
		84DAA52C238668D3006A12CF /* Resources */ = {
			isa = PBXResourcesBuildPhase;
			buildActionMask = 2147483647;
			files = (
			);
			runOnlyForDeploymentPostprocessing = 0;
		};
/* End PBXResourcesBuildPhase section */

/* Begin PBXShellScriptBuildPhase section */
		12751674FCEDCE6DD5DFCAE2 /* [CP] Check Pods Manifest.lock */ = {
			isa = PBXShellScriptBuildPhase;
			buildActionMask = 2147483647;
			files = (
			);
			inputFileListPaths = (
			);
			inputPaths = (
				"${PODS_PODFILE_DIR_PATH}/Podfile.lock",
				"${PODS_ROOT}/Manifest.lock",
			);
			name = "[CP] Check Pods Manifest.lock";
			outputFileListPaths = (
			);
			outputPaths = (
				"$(DERIVED_FILE_DIR)/Pods-SROTPViewTests-checkManifestLockResult.txt",
			);
			runOnlyForDeploymentPostprocessing = 0;
			shellPath = /bin/sh;
			shellScript = "diff \"${PODS_PODFILE_DIR_PATH}/Podfile.lock\" \"${PODS_ROOT}/Manifest.lock\" > /dev/null\nif [ $? != 0 ] ; then\n    # print error to STDERR\n    echo \"error: The sandbox is not in sync with the Podfile.lock. Run 'pod install' or update your CocoaPods installation.\" >&2\n    exit 1\nfi\n# This output is used by Xcode 'outputs' to avoid re-running this script phase.\necho \"SUCCESS\" > \"${SCRIPT_OUTPUT_FILE_0}\"\n";
			showEnvVarsInLog = 0;
		};
		85D7CD22B1B22A47CDDDF907 /* [CP] Check Pods Manifest.lock */ = {
			isa = PBXShellScriptBuildPhase;
			buildActionMask = 2147483647;
			files = (
			);
			inputFileListPaths = (
			);
			inputPaths = (
				"${PODS_PODFILE_DIR_PATH}/Podfile.lock",
				"${PODS_ROOT}/Manifest.lock",
			);
			name = "[CP] Check Pods Manifest.lock";
			outputFileListPaths = (
			);
			outputPaths = (
				"$(DERIVED_FILE_DIR)/Pods-SROTPView-checkManifestLockResult.txt",
			);
			runOnlyForDeploymentPostprocessing = 0;
			shellPath = /bin/sh;
			shellScript = "diff \"${PODS_PODFILE_DIR_PATH}/Podfile.lock\" \"${PODS_ROOT}/Manifest.lock\" > /dev/null\nif [ $? != 0 ] ; then\n    # print error to STDERR\n    echo \"error: The sandbox is not in sync with the Podfile.lock. Run 'pod install' or update your CocoaPods installation.\" >&2\n    exit 1\nfi\n# This output is used by Xcode 'outputs' to avoid re-running this script phase.\necho \"SUCCESS\" > \"${SCRIPT_OUTPUT_FILE_0}\"\n";
			showEnvVarsInLog = 0;
		};
/* End PBXShellScriptBuildPhase section */

/* Begin PBXSourcesBuildPhase section */
		84834C7E2386B265002974E0 /* Sources */ = {
			isa = PBXSourcesBuildPhase;
			buildActionMask = 2147483647;
			files = (
			);
			runOnlyForDeploymentPostprocessing = 0;
		};
		84834C932386B269002974E0 /* Sources */ = {
			isa = PBXSourcesBuildPhase;
			buildActionMask = 2147483647;
			files = (
			);
			runOnlyForDeploymentPostprocessing = 0;
		};
		84834C9E2386B269002974E0 /* Sources */ = {
			isa = PBXSourcesBuildPhase;
			buildActionMask = 2147483647;
			files = (
			);
			runOnlyForDeploymentPostprocessing = 0;
		};
		84DAA521238668D3006A12CF /* Sources */ = {
			isa = PBXSourcesBuildPhase;
			buildActionMask = 2147483647;
			files = (
				84DAA54623867906006A12CF /* SROTPTextField.swift in Sources */,
				84DAA54523867906006A12CF /* SROTPView.swift in Sources */,
			);
			runOnlyForDeploymentPostprocessing = 0;
		};
		84DAA52A238668D3006A12CF /* Sources */ = {
			isa = PBXSourcesBuildPhase;
			buildActionMask = 2147483647;
			files = (
				84DAA534238668D3006A12CF /* SROTPViewTests.swift in Sources */,
			);
			runOnlyForDeploymentPostprocessing = 0;
		};
/* End PBXSourcesBuildPhase section */

/* Begin PBXTargetDependency section */
		84834C992386B269002974E0 /* PBXTargetDependency */ = {
			isa = PBXTargetDependency;
			target = 84834C812386B265002974E0 /* Example */;
			targetProxy = 84834C982386B269002974E0 /* PBXContainerItemProxy */;
		};
		84834CA42386B269002974E0 /* PBXTargetDependency */ = {
			isa = PBXTargetDependency;
			target = 84834C812386B265002974E0 /* Example */;
			targetProxy = 84834CA32386B269002974E0 /* PBXContainerItemProxy */;
		};
		84DAA531238668D3006A12CF /* PBXTargetDependency */ = {
			isa = PBXTargetDependency;
			target = 84DAA524238668D3006A12CF /* SROTPView */;
			targetProxy = 84DAA530238668D3006A12CF /* PBXContainerItemProxy */;
		};
/* End PBXTargetDependency section */

/* Begin XCBuildConfiguration section */
		84834CA92386B269002974E0 /* Debug */ = {
			isa = XCBuildConfiguration;
			buildSettings = {
				ASSETCATALOG_COMPILER_APPICON_NAME = AppIcon;
				CODE_SIGN_STYLE = Automatic;
				DEVELOPMENT_TEAM = 46FE8LX528;
				INFOPLIST_FILE = Example/Info.plist;
				LD_RUNPATH_SEARCH_PATHS = (
					"$(inherited)",
					"@executable_path/Frameworks",
				);
				PRODUCT_BUNDLE_IDENTIFIER = com.Saroj.Example;
				PRODUCT_NAME = "$(TARGET_NAME)";
				SWIFT_VERSION = 5.0;
				TARGETED_DEVICE_FAMILY = "1,2";
			};
			name = Debug;
		};
		84834CAA2386B269002974E0 /* Release */ = {
			isa = XCBuildConfiguration;
			buildSettings = {
				ASSETCATALOG_COMPILER_APPICON_NAME = AppIcon;
				CODE_SIGN_STYLE = Automatic;
				DEVELOPMENT_TEAM = 46FE8LX528;
				INFOPLIST_FILE = Example/Info.plist;
				LD_RUNPATH_SEARCH_PATHS = (
					"$(inherited)",
					"@executable_path/Frameworks",
				);
				PRODUCT_BUNDLE_IDENTIFIER = com.Saroj.Example;
				PRODUCT_NAME = "$(TARGET_NAME)";
				SWIFT_VERSION = 5.0;
				TARGETED_DEVICE_FAMILY = "1,2";
			};
			name = Release;
		};
		84834CAB2386B269002974E0 /* Debug */ = {
			isa = XCBuildConfiguration;
			buildSettings = {
				BUNDLE_LOADER = "$(TEST_HOST)";
				CODE_SIGN_STYLE = Automatic;
				DEVELOPMENT_TEAM = 46FE8LX528;
				INFOPLIST_FILE = ExampleTests/Info.plist;
				LD_RUNPATH_SEARCH_PATHS = (
					"$(inherited)",
					"@executable_path/Frameworks",
					"@loader_path/Frameworks",
				);
				PRODUCT_BUNDLE_IDENTIFIER = com.Saroj.ExampleTests;
				PRODUCT_NAME = "$(TARGET_NAME)";
				SWIFT_VERSION = 5.0;
				TARGETED_DEVICE_FAMILY = "1,2";
				TEST_HOST = "$(BUILT_PRODUCTS_DIR)/Example.app/Example";
			};
			name = Debug;
		};
		84834CAC2386B269002974E0 /* Release */ = {
			isa = XCBuildConfiguration;
			buildSettings = {
				BUNDLE_LOADER = "$(TEST_HOST)";
				CODE_SIGN_STYLE = Automatic;
				DEVELOPMENT_TEAM = 46FE8LX528;
				INFOPLIST_FILE = ExampleTests/Info.plist;
				LD_RUNPATH_SEARCH_PATHS = (
					"$(inherited)",
					"@executable_path/Frameworks",
					"@loader_path/Frameworks",
				);
				PRODUCT_BUNDLE_IDENTIFIER = com.Saroj.ExampleTests;
				PRODUCT_NAME = "$(TARGET_NAME)";
				SWIFT_VERSION = 5.0;
				TARGETED_DEVICE_FAMILY = "1,2";
				TEST_HOST = "$(BUILT_PRODUCTS_DIR)/Example.app/Example";
			};
			name = Release;
		};
		84834CAD2386B269002974E0 /* Debug */ = {
			isa = XCBuildConfiguration;
			buildSettings = {
				CODE_SIGN_STYLE = Automatic;
				DEVELOPMENT_TEAM = 46FE8LX528;
				INFOPLIST_FILE = ExampleUITests/Info.plist;
				LD_RUNPATH_SEARCH_PATHS = (
					"$(inherited)",
					"@executable_path/Frameworks",
					"@loader_path/Frameworks",
				);
				PRODUCT_BUNDLE_IDENTIFIER = com.Saroj.ExampleUITests;
				PRODUCT_NAME = "$(TARGET_NAME)";
				SWIFT_VERSION = 5.0;
				TARGETED_DEVICE_FAMILY = "1,2";
				TEST_TARGET_NAME = Example;
			};
			name = Debug;
		};
		84834CAE2386B269002974E0 /* Release */ = {
			isa = XCBuildConfiguration;
			buildSettings = {
				CODE_SIGN_STYLE = Automatic;
				DEVELOPMENT_TEAM = 46FE8LX528;
				INFOPLIST_FILE = ExampleUITests/Info.plist;
				LD_RUNPATH_SEARCH_PATHS = (
					"$(inherited)",
					"@executable_path/Frameworks",
					"@loader_path/Frameworks",
				);
				PRODUCT_BUNDLE_IDENTIFIER = com.Saroj.ExampleUITests;
				PRODUCT_NAME = "$(TARGET_NAME)";
				SWIFT_VERSION = 5.0;
				TARGETED_DEVICE_FAMILY = "1,2";
				TEST_TARGET_NAME = Example;
			};
			name = Release;
		};
		84DAA537238668D3006A12CF /* Debug */ = {
			isa = XCBuildConfiguration;
			buildSettings = {
				ALWAYS_SEARCH_USER_PATHS = NO;
				CLANG_ANALYZER_NONNULL = YES;
				CLANG_ANALYZER_NUMBER_OBJECT_CONVERSION = YES_AGGRESSIVE;
				CLANG_CXX_LANGUAGE_STANDARD = "gnu++14";
				CLANG_CXX_LIBRARY = "libc++";
				CLANG_ENABLE_MODULES = YES;
				CLANG_ENABLE_OBJC_ARC = YES;
				CLANG_ENABLE_OBJC_WEAK = YES;
				CLANG_WARN_BLOCK_CAPTURE_AUTORELEASING = YES;
				CLANG_WARN_BOOL_CONVERSION = YES;
				CLANG_WARN_COMMA = YES;
				CLANG_WARN_CONSTANT_CONVERSION = YES;
				CLANG_WARN_DEPRECATED_OBJC_IMPLEMENTATIONS = YES;
				CLANG_WARN_DIRECT_OBJC_ISA_USAGE = YES_ERROR;
				CLANG_WARN_DOCUMENTATION_COMMENTS = YES;
				CLANG_WARN_EMPTY_BODY = YES;
				CLANG_WARN_ENUM_CONVERSION = YES;
				CLANG_WARN_INFINITE_RECURSION = YES;
				CLANG_WARN_INT_CONVERSION = YES;
				CLANG_WARN_NON_LITERAL_NULL_CONVERSION = YES;
				CLANG_WARN_OBJC_IMPLICIT_RETAIN_SELF = YES;
				CLANG_WARN_OBJC_LITERAL_CONVERSION = YES;
				CLANG_WARN_OBJC_ROOT_CLASS = YES_ERROR;
				CLANG_WARN_RANGE_LOOP_ANALYSIS = YES;
				CLANG_WARN_STRICT_PROTOTYPES = YES;
				CLANG_WARN_SUSPICIOUS_MOVE = YES;
				CLANG_WARN_UNGUARDED_AVAILABILITY = YES_AGGRESSIVE;
				CLANG_WARN_UNREACHABLE_CODE = YES;
				CLANG_WARN__DUPLICATE_METHOD_MATCH = YES;
				COPY_PHASE_STRIP = NO;
				CURRENT_PROJECT_VERSION = 1;
				DEBUG_INFORMATION_FORMAT = dwarf;
				ENABLE_STRICT_OBJC_MSGSEND = YES;
				ENABLE_TESTABILITY = YES;
				GCC_C_LANGUAGE_STANDARD = gnu11;
				GCC_DYNAMIC_NO_PIC = NO;
				GCC_NO_COMMON_BLOCKS = YES;
				GCC_OPTIMIZATION_LEVEL = 0;
				GCC_PREPROCESSOR_DEFINITIONS = (
					"DEBUG=1",
					"$(inherited)",
				);
				GCC_WARN_64_TO_32_BIT_CONVERSION = YES;
				GCC_WARN_ABOUT_RETURN_TYPE = YES_ERROR;
				GCC_WARN_UNDECLARED_SELECTOR = YES;
				GCC_WARN_UNINITIALIZED_AUTOS = YES_AGGRESSIVE;
				GCC_WARN_UNUSED_FUNCTION = YES;
				GCC_WARN_UNUSED_VARIABLE = YES;
				IPHONEOS_DEPLOYMENT_TARGET = 11.0;
				MTL_ENABLE_DEBUG_INFO = INCLUDE_SOURCE;
				MTL_FAST_MATH = YES;
				ONLY_ACTIVE_ARCH = YES;
				SDKROOT = iphoneos;
				SWIFT_ACTIVE_COMPILATION_CONDITIONS = DEBUG;
				SWIFT_OPTIMIZATION_LEVEL = "-Onone";
				VERSIONING_SYSTEM = "apple-generic";
				VERSION_INFO_PREFIX = "";
			};
			name = Debug;
		};
		84DAA538238668D3006A12CF /* Release */ = {
			isa = XCBuildConfiguration;
			buildSettings = {
				ALWAYS_SEARCH_USER_PATHS = NO;
				CLANG_ANALYZER_NONNULL = YES;
				CLANG_ANALYZER_NUMBER_OBJECT_CONVERSION = YES_AGGRESSIVE;
				CLANG_CXX_LANGUAGE_STANDARD = "gnu++14";
				CLANG_CXX_LIBRARY = "libc++";
				CLANG_ENABLE_MODULES = YES;
				CLANG_ENABLE_OBJC_ARC = YES;
				CLANG_ENABLE_OBJC_WEAK = YES;
				CLANG_WARN_BLOCK_CAPTURE_AUTORELEASING = YES;
				CLANG_WARN_BOOL_CONVERSION = YES;
				CLANG_WARN_COMMA = YES;
				CLANG_WARN_CONSTANT_CONVERSION = YES;
				CLANG_WARN_DEPRECATED_OBJC_IMPLEMENTATIONS = YES;
				CLANG_WARN_DIRECT_OBJC_ISA_USAGE = YES_ERROR;
				CLANG_WARN_DOCUMENTATION_COMMENTS = YES;
				CLANG_WARN_EMPTY_BODY = YES;
				CLANG_WARN_ENUM_CONVERSION = YES;
				CLANG_WARN_INFINITE_RECURSION = YES;
				CLANG_WARN_INT_CONVERSION = YES;
				CLANG_WARN_NON_LITERAL_NULL_CONVERSION = YES;
				CLANG_WARN_OBJC_IMPLICIT_RETAIN_SELF = YES;
				CLANG_WARN_OBJC_LITERAL_CONVERSION = YES;
				CLANG_WARN_OBJC_ROOT_CLASS = YES_ERROR;
				CLANG_WARN_RANGE_LOOP_ANALYSIS = YES;
				CLANG_WARN_STRICT_PROTOTYPES = YES;
				CLANG_WARN_SUSPICIOUS_MOVE = YES;
				CLANG_WARN_UNGUARDED_AVAILABILITY = YES_AGGRESSIVE;
				CLANG_WARN_UNREACHABLE_CODE = YES;
				CLANG_WARN__DUPLICATE_METHOD_MATCH = YES;
				COPY_PHASE_STRIP = NO;
				CURRENT_PROJECT_VERSION = 1;
				DEBUG_INFORMATION_FORMAT = "dwarf-with-dsym";
				ENABLE_NS_ASSERTIONS = NO;
				ENABLE_STRICT_OBJC_MSGSEND = YES;
				GCC_C_LANGUAGE_STANDARD = gnu11;
				GCC_NO_COMMON_BLOCKS = YES;
				GCC_WARN_64_TO_32_BIT_CONVERSION = YES;
				GCC_WARN_ABOUT_RETURN_TYPE = YES_ERROR;
				GCC_WARN_UNDECLARED_SELECTOR = YES;
				GCC_WARN_UNINITIALIZED_AUTOS = YES_AGGRESSIVE;
				GCC_WARN_UNUSED_FUNCTION = YES;
				GCC_WARN_UNUSED_VARIABLE = YES;
				IPHONEOS_DEPLOYMENT_TARGET = 11.0;
				MTL_ENABLE_DEBUG_INFO = NO;
				MTL_FAST_MATH = YES;
				SDKROOT = iphoneos;
				SWIFT_COMPILATION_MODE = wholemodule;
				SWIFT_OPTIMIZATION_LEVEL = "-O";
				VALIDATE_PRODUCT = YES;
				VERSIONING_SYSTEM = "apple-generic";
				VERSION_INFO_PREFIX = "";
			};
			name = Release;
		};
		84DAA53A238668D3006A12CF /* Debug */ = {
			isa = XCBuildConfiguration;
			baseConfigurationReference = D6E49D9A3267FA2441098A48 /* Pods-SROTPView.debug.xcconfig */;
			buildSettings = {
				CLANG_ENABLE_MODULES = YES;
				CODE_SIGN_STYLE = Automatic;
				DEFINES_MODULE = YES;
				DEVELOPMENT_TEAM = 46FE8LX528;
				DYLIB_COMPATIBILITY_VERSION = 1;
				DYLIB_CURRENT_VERSION = 1;
				DYLIB_INSTALL_NAME_BASE = "@rpath";
				INFOPLIST_FILE = SROTPView/Info.plist;
				INSTALL_PATH = "$(LOCAL_LIBRARY_DIR)/Frameworks";
				LD_RUNPATH_SEARCH_PATHS = (
					"$(inherited)",
					"@executable_path/Frameworks",
					"@loader_path/Frameworks",
				);
				PRODUCT_BUNDLE_IDENTIFIER = com.Saroj.SROTPView;
				PRODUCT_NAME = "$(TARGET_NAME:c99extidentifier)";
				SKIP_INSTALL = YES;
				SWIFT_OPTIMIZATION_LEVEL = "-Onone";
				SWIFT_VERSION = 5.0;
				TARGETED_DEVICE_FAMILY = "1,2";
			};
			name = Debug;
		};
		84DAA53B238668D3006A12CF /* Release */ = {
			isa = XCBuildConfiguration;
			baseConfigurationReference = CBD294F3D6E582DDFB8477FF /* Pods-SROTPView.release.xcconfig */;
			buildSettings = {
				CLANG_ENABLE_MODULES = YES;
				CODE_SIGN_STYLE = Automatic;
				DEFINES_MODULE = YES;
				DEVELOPMENT_TEAM = 46FE8LX528;
				DYLIB_COMPATIBILITY_VERSION = 1;
				DYLIB_CURRENT_VERSION = 1;
				DYLIB_INSTALL_NAME_BASE = "@rpath";
				INFOPLIST_FILE = SROTPView/Info.plist;
				INSTALL_PATH = "$(LOCAL_LIBRARY_DIR)/Frameworks";
				LD_RUNPATH_SEARCH_PATHS = (
					"$(inherited)",
					"@executable_path/Frameworks",
					"@loader_path/Frameworks",
				);
				PRODUCT_BUNDLE_IDENTIFIER = com.Saroj.SROTPView;
				PRODUCT_NAME = "$(TARGET_NAME:c99extidentifier)";
				SKIP_INSTALL = YES;
				SWIFT_VERSION = 5.0;
				TARGETED_DEVICE_FAMILY = "1,2";
			};
			name = Release;
		};
		84DAA53D238668D3006A12CF /* Debug */ = {
			isa = XCBuildConfiguration;
			baseConfigurationReference = 47466F2F2952752DEADA151E /* Pods-SROTPViewTests.debug.xcconfig */;
			buildSettings = {
				ALWAYS_EMBED_SWIFT_STANDARD_LIBRARIES = YES;
				CODE_SIGN_STYLE = Automatic;
				DEVELOPMENT_TEAM = 46FE8LX528;
				INFOPLIST_FILE = SROTPViewTests/Info.plist;
				LD_RUNPATH_SEARCH_PATHS = (
					"$(inherited)",
					"@executable_path/Frameworks",
					"@loader_path/Frameworks",
				);
				PRODUCT_BUNDLE_IDENTIFIER = com.Saroj.SROTPViewTests;
				PRODUCT_NAME = "$(TARGET_NAME)";
				SWIFT_VERSION = 5.0;
				TARGETED_DEVICE_FAMILY = "1,2";
			};
			name = Debug;
		};
		84DAA53E238668D3006A12CF /* Release */ = {
			isa = XCBuildConfiguration;
			baseConfigurationReference = E7804289DCCDEEB426C1E9C1 /* Pods-SROTPViewTests.release.xcconfig */;
			buildSettings = {
				ALWAYS_EMBED_SWIFT_STANDARD_LIBRARIES = YES;
				CODE_SIGN_STYLE = Automatic;
				DEVELOPMENT_TEAM = 46FE8LX528;
				INFOPLIST_FILE = SROTPViewTests/Info.plist;
				LD_RUNPATH_SEARCH_PATHS = (
					"$(inherited)",
					"@executable_path/Frameworks",
					"@loader_path/Frameworks",
				);
				PRODUCT_BUNDLE_IDENTIFIER = com.Saroj.SROTPViewTests;
				PRODUCT_NAME = "$(TARGET_NAME)";
				SWIFT_VERSION = 5.0;
				TARGETED_DEVICE_FAMILY = "1,2";
			};
			name = Release;
		};
/* End XCBuildConfiguration section */

/* Begin XCConfigurationList section */
		84834CAF2386B269002974E0 /* Build configuration list for PBXNativeTarget "Example" */ = {
			isa = XCConfigurationList;
			buildConfigurations = (
				84834CA92386B269002974E0 /* Debug */,
				84834CAA2386B269002974E0 /* Release */,
			);
			defaultConfigurationIsVisible = 0;
			defaultConfigurationName = Release;
		};
		84834CB02386B269002974E0 /* Build configuration list for PBXNativeTarget "ExampleTests" */ = {
			isa = XCConfigurationList;
			buildConfigurations = (
				84834CAB2386B269002974E0 /* Debug */,
				84834CAC2386B269002974E0 /* Release */,
			);
			defaultConfigurationIsVisible = 0;
			defaultConfigurationName = Release;
		};
		84834CB12386B269002974E0 /* Build configuration list for PBXNativeTarget "ExampleUITests" */ = {
			isa = XCConfigurationList;
			buildConfigurations = (
				84834CAD2386B269002974E0 /* Debug */,
				84834CAE2386B269002974E0 /* Release */,
			);
			defaultConfigurationIsVisible = 0;
			defaultConfigurationName = Release;
		};
		84DAA51F238668D3006A12CF /* Build configuration list for PBXProject "SROTPView" */ = {
			isa = XCConfigurationList;
			buildConfigurations = (
				84DAA537238668D3006A12CF /* Debug */,
				84DAA538238668D3006A12CF /* Release */,
			);
			defaultConfigurationIsVisible = 0;
			defaultConfigurationName = Release;
		};
		84DAA539238668D3006A12CF /* Build configuration list for PBXNativeTarget "SROTPView" */ = {
			isa = XCConfigurationList;
			buildConfigurations = (
				84DAA53A238668D3006A12CF /* Debug */,
				84DAA53B238668D3006A12CF /* Release */,
			);
			defaultConfigurationIsVisible = 0;
			defaultConfigurationName = Release;
		};
		84DAA53C238668D3006A12CF /* Build configuration list for PBXNativeTarget "SROTPViewTests" */ = {
			isa = XCConfigurationList;
			buildConfigurations = (
				84DAA53D238668D3006A12CF /* Debug */,
				84DAA53E238668D3006A12CF /* Release */,
			);
			defaultConfigurationIsVisible = 0;
			defaultConfigurationName = Release;
		};
/* End XCConfigurationList section */
	};
	rootObject = 84DAA51C238668D3006A12CF /* Project object */;
}
